
Microsoft Visual Studio Solution File, Format Version 12.00
# Visual Studio Version 17
VisualStudioVersion = 17.8.34322.80
MinimumVisualStudioVersion = 10.0.40219.1
Project("{FAE04EC0-301F-11D3-BF4B-00C04F79EFBC}") = "MagicTheGatheringAPI", "MagicTheGatheringAPI\MagicTheGatheringAPI.csproj", "{530E9EB9-7C34-43F7-8121-F04F28695B14}"
EndProject
Project("{FAE04EC0-301F-11D3-BF4B-00C04F79EFBC}") = "MagicTheGatheringAPI.UnitTests", "MagicTheGatheringAPI.UnitTests\MagicTheGatheringAPI.UnitTests.csproj", "{92FCCD9E-2EA3-4AF3-83BA-A52136E72317}"
EndProject
Global
	GlobalSection(SolutionConfigurationPlatforms) = preSolution
		Debug|Any CPU = Debug|Any CPU
		Release|Any CPU = Release|Any CPU
	EndGlobalSection
	GlobalSection(ProjectConfigurationPlatforms) = postSolution
		{530E9EB9-7C34-43F7-8121-F04F28695B14}.Debug|Any CPU.ActiveCfg = Debug|Any CPU
		{530E9EB9-7C34-43F7-8121-F04F28695B14}.Debug|Any CPU.Build.0 = Debug|Any CPU
		{530E9EB9-7C34-43F7-8121-F04F28695B14}.Release|Any CPU.ActiveCfg = Release|Any CPU
		{530E9EB9-7C34-43F7-8121-F04F28695B14}.Release|Any CPU.Build.0 = Release|Any CPU
		{92FCCD9E-2EA3-4AF3-83BA-A52136E72317}.Debug|Any CPU.ActiveCfg = Debug|Any CPU
		{92FCCD9E-2EA3-4AF3-83BA-A52136E72317}.Debug|Any CPU.Build.0 = Debug|Any CPU
		{92FCCD9E-2EA3-4AF3-83BA-A52136E72317}.Release|Any CPU.ActiveCfg = Release|Any CPU
		{92FCCD9E-2EA3-4AF3-83BA-A52136E72317}.Release|Any CPU.Build.0 = Release|Any CPU
	EndGlobalSection
	GlobalSection(SolutionProperties) = preSolution
		HideSolutionNode = FALSE
	EndGlobalSection
	GlobalSection(ExtensibilityGlobals) = postSolution
		SolutionGuid = {46ADE088-4FC2-455A-A857-5916897EDD49}
	EndGlobalSection
EndGlobal
